
Microsoft Visual Studio Solution File, Format Version 12.00
# Visual Studio Version 17
VisualStudioVersion = 17.6.33829.357
MinimumVisualStudioVersion = 10.0.40219.1
Project("{888888A0-9F3D-457C-B088-3A5042F75D52}") = "AHClawBot", "AHClawBot\AHClawBot.pyproj", "{8601679B-9184-4BCA-A8B6-0AD0E403F4F2}"
EndProject
Global
	GlobalSection(SolutionConfigurationPlatforms) = preSolution
		Debug|Any CPU = Debug|Any CPU
		Release|Any CPU = Release|Any CPU
	EndGlobalSection
	GlobalSection(ProjectConfigurationPlatforms) = postSolution
		{8601679B-9184-4BCA-A8B6-0AD0E403F4F2}.Debug|Any CPU.ActiveCfg = Debug|Any CPU
		{8601679B-9184-4BCA-A8B6-0AD0E403F4F2}.Release|Any CPU.ActiveCfg = Release|Any CPU
	EndGlobalSection
	GlobalSection(SolutionProperties) = preSolution
		HideSolutionNode = FALSE
	EndGlobalSection
	GlobalSection(ExtensibilityGlobals) = postSolution
		SolutionGuid = {3C39A92D-3056-4439-B947-E9FAB75A26AA}
	EndGlobalSection
EndGlobal
